# This file is autogenerated, do not edit; changes may be undone by the next 'dep ensure'.


[[projects]]
  digest = "1:d937a7ad3ecc9a62355b31143a3f3a316fb1d6440304ec348696ef9fa0a74ed8"
  name = "github.com/99designs/keyring"
  packages = ["."]
  pruneopts = "UT"
  revision = "ccd0779e6f10beb398c339c6fe4557e709dbf40c"

[[projects]]
  branch = "master"
  digest = "1:d73d422b7f34d8e930d6d9c3ae6ce5c8f4a2c77e1ea43f7f127a5cd084e32ccb"
  name = "github.com/aulanov/go.dbus"
  packages = ["."]
  pruneopts = "UT"
  revision = "25c3068a42a0b50b877953fb249dbcffc6bd1bca"

[[projects]]
  digest = "1:cfc74bd3e2a1c981c8312e8ab94590b77e96eac5e043f29009310efbd5517882"
  name = "github.com/aws/aws-sdk-go"
  packages = [
    "aws",
    "aws/awserr",
    "aws/awsutil",
    "aws/client",
    "aws/client/metadata",
    "aws/corehandlers",
    "aws/credentials",
    "aws/credentials/ec2rolecreds",
    "aws/credentials/endpointcreds",
    "aws/credentials/stscreds",
    "aws/defaults",
    "aws/ec2metadata",
    "aws/endpoints",
    "aws/request",
    "aws/session",
    "aws/signer/v4",
    "private/protocol",
    "private/protocol/query",
    "private/protocol/query/queryutil",
    "private/protocol/rest",
    "private/protocol/xml/xmlutil",
    "service/sts",
  ]
  pruneopts = "UT"
  revision = "3bc643c63c6f8716320182b6842581d6c80572fa"

[[projects]]
  digest = "1:586992e81213a853bfe5c102709c0c92020d21b386907ceae783f13bbe899ad7"
  name = "github.com/danieljoos/wincred"
  packages = ["."]
  pruneopts = "UT"
  revision = "412b574fb496839b312a75fba146bd32a89001cf"
  version = "v1.0.1"

[[projects]]
  digest = "1:2342b132173530ef03d5fb89c63b57026b0fa3ab74b0d9b85266f00b3c1cdeab"
  name = "github.com/dvsekhvalnov/jose2go"
  packages = [
    ".",
    "aes",
    "arrays",
    "base64url",
    "compact",
    "kdf",
    "keys/ecc",
    "padding",
  ]
  pruneopts = "UT"
  revision = "9f050a91b1f2663a30613ed12d728426599e1b2d"

[[projects]]
  digest = "1:19ea97688477f0c05ef94e9ddf48c5a2d8837b4ba781a1014c068293dcca2e5b"
  name = "github.com/go-ini/ini"
  packages = ["."]
  pruneopts = "UT"
  revision = "f55231ca73a76c1d61eb05fe0d64a1ccebf93cba"
  version = "v1.39.3"

[[projects]]
  digest = "1:db1a1be73659c9fb4387c45cb81ddff697aa31c1523ec0b61023ab103cdd16f6"
  name = "github.com/godbus/dbus"
  packages = ["."]
  pruneopts = "UT"
  revision = "885f9cc04c9c1a6a61a2008e211d36c5737be3f5"

[[projects]]
  branch = "master"
  digest = "1:36f5bd9b89fcd728488eee3a0cf8787448579ac381fded60edd6e3ac01fe1a38"
  name = "github.com/gsterjov/go-libsecret"
  packages = ["."]
  pruneopts = "UT"
  revision = "a6f4afe4910cad8688db3e0e9b9ac92ad22d54e1"

[[projects]]
  digest = "1:870d441fe217b8e689d7949fef6e43efbc787e50f200cb1e70dbca9204a1d6be"
  name = "github.com/inconshreveable/mousetrap"
  packages = ["."]
  pruneopts = "UT"
  revision = "76626ae9c91c4f2a10f34cad8ce83ea42c93bb75"
  version = "v1.0"

[[projects]]
  digest = "1:b87714e57a511d88f307aba7d5b63522da12bed0a050889c81272fc50f71100e"
  name = "github.com/jmespath/go-jmespath"
  packages = ["."]
  pruneopts = "UT"
  revision = "3433f3ea46d9f8019119e7dd41274e112a2359a9"
  version = "0.2.2"

[[projects]]
  digest = "1:623ecae39198545c820dfb09f7ab7f70c1ca4726ae97d387e9c8a7375622fde0"
  name = "github.com/keybase/go-keychain"
  packages = ["."]
  pruneopts = "UT"
  revision = "15d3657f24fc7e290714ab795239c5bb33b091ea"

[[projects]]
  branch = "master"
  digest = "1:ce65d9bb6dd46942e2b815a6009ca23499c4d61be7abab11366d2dd128bf0231"
  name = "github.com/marshallbrekka/go-u2fhost"
  packages = [
    ".",
    "bytes",
    "hid",
  ]
  pruneopts = "UT"
  revision = "72b0e7a3f583583996b3b382d2dfaa81fdc4b82c"

[[projects]]
  branch = "master"
  digest = "1:13ded4febab3d1b69f80c5d91cc7d8c4be6bf6e979c57431e3e66239782aa2c3"
  name = "github.com/marshallbrekka/go.hid"
  packages = ["."]
  pruneopts = "UT"
  revision = "2c1c4616a9e71d08897a583653abca4b4ac55028"

[[projects]]
  digest = "1:12ae6210bdbdad658a9a67fd95cd9c99f7fdbf12f6d36eaf0af704e69dacf4f5"
  name = "github.com/mitchellh/go-homedir"
  packages = ["."]
  pruneopts = "UT"
  revision = "b8bc1bf767474819792c23f32d8286a45736f1c6"

[[projects]]
  digest = "1:40e195917a951a8bf867cd05de2a46aaf1806c50cf92eebf4c16f78cd196f747"
  name = "github.com/pkg/errors"
  packages = ["."]
  pruneopts = "UT"
  revision = "645ef00459ed84a119197bfb8d8205042c6df63d"
  version = "v0.8.0"

[[projects]]
  digest = "1:4d68bd79874438a6208627fe037000f25dc7f5f0a606fa12f0e14058c904f41d"
  name = "github.com/segmentio/analytics-go"
  packages = ["."]
  pruneopts = "UT"
  revision = "4f08212e9b32c48b4a4d20997d3f90dc0b56eba8"

[[projects]]
  branch = "master"
  digest = "1:ec22607298efbafb122c4e4b2ca8ceb6c4ec1ba72e74705b84f9f2ce8ee77984"
  name = "github.com/segmentio/backo-go"
  packages = ["."]
  pruneopts = "UT"
  revision = "204274ad699c0983a70203a566887f17a717fef4"

[[projects]]
  digest = "1:2c17871a23d3217774bee213cd8f5f248ad5e12f7eb6172c683ae00be93376ec"
  name = "github.com/sirupsen/logrus"
  packages = ["."]
  pruneopts = "UT"
  revision = "5e5dc898656f695e2a086b8e12559febbfc01562"

[[projects]]
  branch = "master"
  digest = "1:39853e1ae46a02816e2419e1f590e00682b1a6b60bb988597cf2efb84314da45"
  name = "github.com/skratchdot/open-golang"
  packages = ["open"]
  pruneopts = "UT"
  revision = "75fb7ed4208cf72d323d7d02fd1a5964a7a9073c"

[[projects]]
  digest = "1:aa72c27eaab9bedbbdd34565573bfa8b65b4aba56676276519f10c4d6c3a15bc"
  name = "github.com/spf13/cobra"
  packages = ["."]
  pruneopts = "UT"
  revision = "31694f19adeeaeb0a0e5fe95441b390d757753d2"

[[projects]]
  digest = "1:1b21a2b4058a779f290c7341cd93267492e0ecea6c8b54f64a4a5fd7ff131034"
  name = "github.com/spf13/pflag"
  packages = ["."]
  pruneopts = "UT"
  revision = "e57e3eeb33f795204c1ca35f56c44f83227c6e66"
  version = "v1.0.0"

[[projects]]
  branch = "master"
  digest = "1:8f70510b21fd07eba5bd4e0f84d49d932ea74c8b0ea20a5807e9492cc819928c"
  name = "github.com/vaughan0/go-ini"
  packages = ["."]
  pruneopts = "UT"
  revision = "a98ad7ee00ec53921f08832bc06ecf7fd600e6a1"

[[projects]]
  branch = "master"
  digest = "1:74a0382dfade875842563c677b899e87eb14fae3e7639f858ae52c1bbc11bc93"
  name = "github.com/vitaminwater/cgo.wchar"
  packages = ["."]
  pruneopts = "UT"
  revision = "5dd6f4be3f2a8c064325fe63439975cf37a8aa1d"

[[projects]]
  branch = "master"
  digest = "1:2f9538da7381bb981fb8451b2b0fb304c2bc7f1724228dc336a8f002e6fec704"
  name = "github.com/xtgo/uuid"
  packages = ["."]
  pruneopts = "UT"
  revision = "a0b114877d4caeffbd7f87e3757c17fce570fea7"

[[projects]]
  digest = "1:9606ce8905fdfdd29f63fa7301b439d3fbaebccd19ee1c175ac41a1dc55008ad"
  name = "golang.org/x/crypto"
  packages = ["ssh/terminal"]
  pruneopts = "UT"
  revision = "5f995c0d1c72642b4845a718a648d17fce6ed6fa"

[[projects]]
  digest = "1:4b27e369ca722781e2ba13b17db50be782b7b10958d65a3c2da28c2ee37c5117"
  name = "golang.org/x/net"
  packages = [
    "html",
    "html/atom",
    "idna",
    "publicsuffix",
  ]
  pruneopts = "UT"
  revision = "3e8a7b0329d536af18e227bb21b6da4d1dbbe180"

[[projects]]
  digest = "1:c1fe40b20fa35dcc58b3a9d37064f955fff06f15e4af392d636c0ec0c08040df"
  name = "golang.org/x/sys"
  packages = ["unix"]
  pruneopts = "UT"
  revision = "b4e289961544fc90f340c908c3460ceae6a2202a"

[solve-meta]
  analyzer-name = "dep"
  analyzer-version = 1
  input-imports = [
    "github.com/99designs/keyring",
    "github.com/aws/aws-sdk-go/aws",
    "github.com/aws/aws-sdk-go/aws/credentials",
    "github.com/aws/aws-sdk-go/aws/session",
    "github.com/aws/aws-sdk-go/service/sts",
    "github.com/marshallbrekka/go-u2fhost",
    "github.com/mitchellh/go-homedir",
    "github.com/pkg/errors",
    "github.com/segmentio/analytics-go",
    "github.com/sirupsen/logrus",
    "github.com/skratchdot/open-golang/open",
    "github.com/spf13/cobra",
    "github.com/vaughan0/go-ini",
    "golang.org/x/crypto/ssh/terminal",
    "golang.org/x/net/html",
    "golang.org/x/net/publicsuffix",
  ]
  solver-name = "gps-cdcl"
  solver-version = 1
